
Microsoft Visual Studio Solution File, Format Version 12.00
# Visual Studio Version 17
VisualStudioVersion = 17.11.35312.102
MinimumVisualStudioVersion = 10.0.40219.1
Project("{8BC9CEB8-8B4A-11D0-8D11-00A0C91BC942}") = "P14-Hw-Array with function", "P14-Hw-Array with function\P14-Hw-Array with function.vcxproj", "{08044EAD-D7B6-4822-9BDB-4173D40331B3}"
EndProject
Global
	GlobalSection(SolutionConfigurationPlatforms) = preSolution
		Debug|x64 = Debug|x64
		Debug|x86 = Debug|x86
		Release|x64 = Release|x64
		Release|x86 = Release|x86
	EndGlobalSection
	GlobalSection(ProjectConfigurationPlatforms) = postSolution
		{08044EAD-D7B6-4822-9BDB-4173D40331B3}.Debug|x64.ActiveCfg = Debug|x64
		{08044EAD-D7B6-4822-9BDB-4173D40331B3}.Debug|x64.Build.0 = Debug|x64
		{08044EAD-D7B6-4822-9BDB-4173D40331B3}.Debug|x86.ActiveCfg = Debug|Win32
		{08044EAD-D7B6-4822-9BDB-4173D40331B3}.Debug|x86.Build.0 = Debug|Win32
		{08044EAD-D7B6-4822-9BDB-4173D40331B3}.Release|x64.ActiveCfg = Release|x64
		{08044EAD-D7B6-4822-9BDB-4173D40331B3}.Release|x64.Build.0 = Release|x64
		{08044EAD-D7B6-4822-9BDB-4173D40331B3}.Release|x86.ActiveCfg = Release|Win32
		{08044EAD-D7B6-4822-9BDB-4173D40331B3}.Release|x86.Build.0 = Release|Win32
	EndGlobalSection
	GlobalSection(SolutionProperties) = preSolution
		HideSolutionNode = FALSE
	EndGlobalSection
	GlobalSection(ExtensibilityGlobals) = postSolution
		SolutionGuid = {5F337227-8BD0-453D-83BB-DBFC6942DA48}
	EndGlobalSection
EndGlobal
