
Microsoft Visual Studio Solution File, Format Version 12.00
# Visual Studio Version 17
VisualStudioVersion = 17.11.35327.3
MinimumVisualStudioVersion = 10.0.40219.1
Project("{FAE04EC0-301F-11D3-BF4B-00C04F79EFBC}") = "Task-1", "Task-1\Task-1.csproj", "{8E90711E-3B41-440C-923E-96316F003A29}"
EndProject
Global
	GlobalSection(SolutionConfigurationPlatforms) = preSolution
		Debug|Any CPU = Debug|Any CPU
		Release|Any CPU = Release|Any CPU
	EndGlobalSection
	GlobalSection(ProjectConfigurationPlatforms) = postSolution
		{8E90711E-3B41-440C-923E-96316F003A29}.Debug|Any CPU.ActiveCfg = Debug|Any CPU
		{8E90711E-3B41-440C-923E-96316F003A29}.Debug|Any CPU.Build.0 = Debug|Any CPU
		{8E90711E-3B41-440C-923E-96316F003A29}.Release|Any CPU.ActiveCfg = Release|Any CPU
		{8E90711E-3B41-440C-923E-96316F003A29}.Release|Any CPU.Build.0 = Release|Any CPU
	EndGlobalSection
	GlobalSection(SolutionProperties) = preSolution
		HideSolutionNode = FALSE
	EndGlobalSection
	GlobalSection(ExtensibilityGlobals) = postSolution
		SolutionGuid = {24035EA0-2670-4BA3-B06A-1149E541F7D9}
	EndGlobalSection
EndGlobal
