
Microsoft Visual Studio Solution File, Format Version 12.00
# Visual Studio Version 17
VisualStudioVersion = 17.11.35327.3
MinimumVisualStudioVersion = 10.0.40219.1
Project("{9A19103F-16F7-4668-BE54-9A1E7A4F7556}") = "1-Encapsulation", "1-Encapsulation\1-Encapsulation.csproj", "{8EC73A16-F5D9-4523-8946-AAC00F5A126F}"
EndProject
Project("{9A19103F-16F7-4668-BE54-9A1E7A4F7556}") = "Student Data Management", "Student Data Management\Student Data Management.csproj", "{B0F4FF26-1163-4DD6-87AA-7131B3E6F298}"
EndProject
Project("{9A19103F-16F7-4668-BE54-9A1E7A4F7556}") = "Bank Account", "Bank Account\Bank Account.csproj", "{9F168219-5C08-4A1B-8E61-5BB5E457D553}"
EndProject
Project("{9A19103F-16F7-4668-BE54-9A1E7A4F7556}") = "Car Management", "Car Management\Car Management.csproj", "{3092C0B3-2602-4E5F-BCDF-CA297C2042DA}"
EndProject
Project("{2150E333-8FDC-42A3-9474-1A3956D46DE8}") = "Encapsulation", "Encapsulation", "{B5B99532-DF8F-4F9E-B353-629CF15312B4}"
EndProject
Project("{9A19103F-16F7-4668-BE54-9A1E7A4F7556}") = "Library_Management", "Library_Management\Library_Management.csproj", "{92E4D1C2-6389-41B8-BBFC-FB52121452D0}"
EndProject
Project("{9A19103F-16F7-4668-BE54-9A1E7A4F7556}") = "Manage Company Employees", "Manage Company Employees\Manage Company Employees.csproj", "{867E284C-32A4-4F72-A49C-417468266286}"
EndProject
Project("{2150E333-8FDC-42A3-9474-1A3956D46DE8}") = "Inheritance", "Inheritance", "{BF42D9E7-521C-4ECE-A96E-4DA73C1AFFC9}"
EndProject
Project("{9A19103F-16F7-4668-BE54-9A1E7A4F7556}") = "2- Inheritance", "2- Inheritance\2- Inheritance.csproj", "{E1A6BE73-FA2F-4940-A63B-09F127CFAD9C}"
EndProject
Project("{9A19103F-16F7-4668-BE54-9A1E7A4F7556}") = "Design a simple inheritance structure", "Design a simple inheritance structure\Design a simple inheritance structure.csproj", "{F9A803AB-3494-49CF-95A3-F091C2374540}"
EndProject
Project("{9A19103F-16F7-4668-BE54-9A1E7A4F7556}") = "Inheritance with Customization", "Inheritance with Customization\Inheritance with Customization.csproj", "{A74D610D-ADEE-4C6D-9BBE-D42A70311E2C}"
EndProject
Project("{9A19103F-16F7-4668-BE54-9A1E7A4F7556}") = "Method Overriding", "Method Overriding\Method Overriding.csproj", "{F943F8AA-09CC-4828-99AA-69CCE10DAA12}"
EndProject
Project("{2150E333-8FDC-42A3-9474-1A3956D46DE8}") = "Polymorphism", "Polymorphism", "{5E0831B3-44B3-4918-8847-CAF6C597DE76}"
EndProject
Project("{9A19103F-16F7-4668-BE54-9A1E7A4F7556}") = "Polymorphism", "Polymorphism\Polymorphism.csproj", "{E19E4A15-88B2-4FBB-8A7D-BDD4ED027E52}"
EndProject
Project("{2150E333-8FDC-42A3-9474-1A3956D46DE8}") = "HR System", "HR System", "{BF73C4A3-8259-46C9-9FFA-66ADF79D7967}"
EndProject
Project("{9A19103F-16F7-4668-BE54-9A1E7A4F7556}") = "HR Sysyem", "HR Sysyem\HR Sysyem.csproj", "{43BCEE0E-2B8D-4F40-87CA-78861FB0B37E}"
EndProject
Project("{9A19103F-16F7-4668-BE54-9A1E7A4F7556}") = "Abstract", "Abstract\Abstract.csproj", "{1ED85593-B359-4090-84E8-0D01C0D56E3F}"
EndProject
Project("{9A19103F-16F7-4668-BE54-9A1E7A4F7556}") = "Any task", "Any task\Any task.csproj", "{7E16C434-D56E-418D-8588-3F86E0B2F612}"
EndProject
Project("{9A19103F-16F7-4668-BE54-9A1E7A4F7556}") = "Genaric", "Genaric\Genaric.csproj", "{C406D490-54C4-4BD4-B648-40B265FF1221}"
EndProject
Project("{9A19103F-16F7-4668-BE54-9A1E7A4F7556}") = "A Big Task Advaced", "A Big Task Advaced\A Big Task Advaced.csproj", "{5FCC30DD-7771-4F7E-80E7-04FBB63518DD}"
EndProject
Project("{2150E333-8FDC-42A3-9474-1A3956D46DE8}") = "Tasks oop", "Tasks oop", "{A9727363-7986-470B-A16C-A8EB92321E3F}"
EndProject
Project("{9A19103F-16F7-4668-BE54-9A1E7A4F7556}") = "Solve", "Solve\Solve.csproj", "{2E11C8EC-F10D-48B8-BED2-3D020AC60F6C}"
EndProject
Project("{8BC9CEB8-8B4A-11D0-8D11-00A0C91BC942}") = "ConsoleApplication1", "ConsoleApplication1\ConsoleApplication1.vcxproj", "{4DC388A9-0E39-4C07-9D5E-DB47A3BF35D6}"
EndProject
Global
	GlobalSection(SolutionConfigurationPlatforms) = preSolution
		Debug|Any CPU = Debug|Any CPU
		Debug|x64 = Debug|x64
		Debug|x86 = Debug|x86
		Release|Any CPU = Release|Any CPU
		Release|x64 = Release|x64
		Release|x86 = Release|x86
	EndGlobalSection
	GlobalSection(ProjectConfigurationPlatforms) = postSolution
		{8EC73A16-F5D9-4523-8946-AAC00F5A126F}.Debug|Any CPU.ActiveCfg = Debug|Any CPU
		{8EC73A16-F5D9-4523-8946-AAC00F5A126F}.Debug|Any CPU.Build.0 = Debug|Any CPU
		{8EC73A16-F5D9-4523-8946-AAC00F5A126F}.Debug|x64.ActiveCfg = Debug|Any CPU
		{8EC73A16-F5D9-4523-8946-AAC00F5A126F}.Debug|x64.Build.0 = Debug|Any CPU
		{8EC73A16-F5D9-4523-8946-AAC00F5A126F}.Debug|x86.ActiveCfg = Debug|Any CPU
		{8EC73A16-F5D9-4523-8946-AAC00F5A126F}.Debug|x86.Build.0 = Debug|Any CPU
		{8EC73A16-F5D9-4523-8946-AAC00F5A126F}.Release|Any CPU.ActiveCfg = Release|Any CPU
		{8EC73A16-F5D9-4523-8946-AAC00F5A126F}.Release|Any CPU.Build.0 = Release|Any CPU
		{8EC73A16-F5D9-4523-8946-AAC00F5A126F}.Release|x64.ActiveCfg = Release|Any CPU
		{8EC73A16-F5D9-4523-8946-AAC00F5A126F}.Release|x64.Build.0 = Release|Any CPU
		{8EC73A16-F5D9-4523-8946-AAC00F5A126F}.Release|x86.ActiveCfg = Release|Any CPU
		{8EC73A16-F5D9-4523-8946-AAC00F5A126F}.Release|x86.Build.0 = Release|Any CPU
		{B0F4FF26-1163-4DD6-87AA-7131B3E6F298}.Debug|Any CPU.ActiveCfg = Debug|Any CPU
		{B0F4FF26-1163-4DD6-87AA-7131B3E6F298}.Debug|Any CPU.Build.0 = Debug|Any CPU
		{B0F4FF26-1163-4DD6-87AA-7131B3E6F298}.Debug|x64.ActiveCfg = Debug|Any CPU
		{B0F4FF26-1163-4DD6-87AA-7131B3E6F298}.Debug|x64.Build.0 = Debug|Any CPU
		{B0F4FF26-1163-4DD6-87AA-7131B3E6F298}.Debug|x86.ActiveCfg = Debug|Any CPU
		{B0F4FF26-1163-4DD6-87AA-7131B3E6F298}.Debug|x86.Build.0 = Debug|Any CPU
		{B0F4FF26-1163-4DD6-87AA-7131B3E6F298}.Release|Any CPU.ActiveCfg = Release|Any CPU
		{B0F4FF26-1163-4DD6-87AA-7131B3E6F298}.Release|Any CPU.Build.0 = Release|Any CPU
		{B0F4FF26-1163-4DD6-87AA-7131B3E6F298}.Release|x64.ActiveCfg = Release|Any CPU
		{B0F4FF26-1163-4DD6-87AA-7131B3E6F298}.Release|x64.Build.0 = Release|Any CPU
		{B0F4FF26-1163-4DD6-87AA-7131B3E6F298}.Release|x86.ActiveCfg = Release|Any CPU
		{B0F4FF26-1163-4DD6-87AA-7131B3E6F298}.Release|x86.Build.0 = Release|Any CPU
		{9F168219-5C08-4A1B-8E61-5BB5E457D553}.Debug|Any CPU.ActiveCfg = Debug|Any CPU
		{9F168219-5C08-4A1B-8E61-5BB5E457D553}.Debug|Any CPU.Build.0 = Debug|Any CPU
		{9F168219-5C08-4A1B-8E61-5BB5E457D553}.Debug|x64.ActiveCfg = Debug|Any CPU
		{9F168219-5C08-4A1B-8E61-5BB5E457D553}.Debug|x64.Build.0 = Debug|Any CPU
		{9F168219-5C08-4A1B-8E61-5BB5E457D553}.Debug|x86.ActiveCfg = Debug|Any CPU
		{9F168219-5C08-4A1B-8E61-5BB5E457D553}.Debug|x86.Build.0 = Debug|Any CPU
		{9F168219-5C08-4A1B-8E61-5BB5E457D553}.Release|Any CPU.ActiveCfg = Release|Any CPU
		{9F168219-5C08-4A1B-8E61-5BB5E457D553}.Release|Any CPU.Build.0 = Release|Any CPU
		{9F168219-5C08-4A1B-8E61-5BB5E457D553}.Release|x64.ActiveCfg = Release|Any CPU
		{9F168219-5C08-4A1B-8E61-5BB5E457D553}.Release|x64.Build.0 = Release|Any CPU
		{9F168219-5C08-4A1B-8E61-5BB5E457D553}.Release|x86.ActiveCfg = Release|Any CPU
		{9F168219-5C08-4A1B-8E61-5BB5E457D553}.Release|x86.Build.0 = Release|Any CPU
		{3092C0B3-2602-4E5F-BCDF-CA297C2042DA}.Debug|Any CPU.ActiveCfg = Debug|Any CPU
		{3092C0B3-2602-4E5F-BCDF-CA297C2042DA}.Debug|Any CPU.Build.0 = Debug|Any CPU
		{3092C0B3-2602-4E5F-BCDF-CA297C2042DA}.Debug|x64.ActiveCfg = Debug|Any CPU
		{3092C0B3-2602-4E5F-BCDF-CA297C2042DA}.Debug|x64.Build.0 = Debug|Any CPU
		{3092C0B3-2602-4E5F-BCDF-CA297C2042DA}.Debug|x86.ActiveCfg = Debug|Any CPU
		{3092C0B3-2602-4E5F-BCDF-CA297C2042DA}.Debug|x86.Build.0 = Debug|Any CPU
		{3092C0B3-2602-4E5F-BCDF-CA297C2042DA}.Release|Any CPU.ActiveCfg = Release|Any CPU
		{3092C0B3-2602-4E5F-BCDF-CA297C2042DA}.Release|Any CPU.Build.0 = Release|Any CPU
		{3092C0B3-2602-4E5F-BCDF-CA297C2042DA}.Release|x64.ActiveCfg = Release|Any CPU
		{3092C0B3-2602-4E5F-BCDF-CA297C2042DA}.Release|x64.Build.0 = Release|Any CPU
		{3092C0B3-2602-4E5F-BCDF-CA297C2042DA}.Release|x86.ActiveCfg = Release|Any CPU
		{3092C0B3-2602-4E5F-BCDF-CA297C2042DA}.Release|x86.Build.0 = Release|Any CPU
		{92E4D1C2-6389-41B8-BBFC-FB52121452D0}.Debug|Any CPU.ActiveCfg = Debug|Any CPU
		{92E4D1C2-6389-41B8-BBFC-FB52121452D0}.Debug|Any CPU.Build.0 = Debug|Any CPU
		{92E4D1C2-6389-41B8-BBFC-FB52121452D0}.Debug|x64.ActiveCfg = Debug|Any CPU
		{92E4D1C2-6389-41B8-BBFC-FB52121452D0}.Debug|x64.Build.0 = Debug|Any CPU
		{92E4D1C2-6389-41B8-BBFC-FB52121452D0}.Debug|x86.ActiveCfg = Debug|Any CPU
		{92E4D1C2-6389-41B8-BBFC-FB52121452D0}.Debug|x86.Build.0 = Debug|Any CPU
		{92E4D1C2-6389-41B8-BBFC-FB52121452D0}.Release|Any CPU.ActiveCfg = Release|Any CPU
		{92E4D1C2-6389-41B8-BBFC-FB52121452D0}.Release|Any CPU.Build.0 = Release|Any CPU
		{92E4D1C2-6389-41B8-BBFC-FB52121452D0}.Release|x64.ActiveCfg = Release|Any CPU
		{92E4D1C2-6389-41B8-BBFC-FB52121452D0}.Release|x64.Build.0 = Release|Any CPU
		{92E4D1C2-6389-41B8-BBFC-FB52121452D0}.Release|x86.ActiveCfg = Release|Any CPU
		{92E4D1C2-6389-41B8-BBFC-FB52121452D0}.Release|x86.Build.0 = Release|Any CPU
		{867E284C-32A4-4F72-A49C-417468266286}.Debug|Any CPU.ActiveCfg = Debug|Any CPU
		{867E284C-32A4-4F72-A49C-417468266286}.Debug|Any CPU.Build.0 = Debug|Any CPU
		{867E284C-32A4-4F72-A49C-417468266286}.Debug|x64.ActiveCfg = Debug|Any CPU
		{867E284C-32A4-4F72-A49C-417468266286}.Debug|x64.Build.0 = Debug|Any CPU
		{867E284C-32A4-4F72-A49C-417468266286}.Debug|x86.ActiveCfg = Debug|Any CPU
		{867E284C-32A4-4F72-A49C-417468266286}.Debug|x86.Build.0 = Debug|Any CPU
		{867E284C-32A4-4F72-A49C-417468266286}.Release|Any CPU.ActiveCfg = Release|Any CPU
		{867E284C-32A4-4F72-A49C-417468266286}.Release|Any CPU.Build.0 = Release|Any CPU
		{867E284C-32A4-4F72-A49C-417468266286}.Release|x64.ActiveCfg = Release|Any CPU
		{867E284C-32A4-4F72-A49C-417468266286}.Release|x64.Build.0 = Release|Any CPU
		{867E284C-32A4-4F72-A49C-417468266286}.Release|x86.ActiveCfg = Release|Any CPU
		{867E284C-32A4-4F72-A49C-417468266286}.Release|x86.Build.0 = Release|Any CPU
		{E1A6BE73-FA2F-4940-A63B-09F127CFAD9C}.Debug|Any CPU.ActiveCfg = Debug|Any CPU
		{E1A6BE73-FA2F-4940-A63B-09F127CFAD9C}.Debug|Any CPU.Build.0 = Debug|Any CPU
		{E1A6BE73-FA2F-4940-A63B-09F127CFAD9C}.Debug|x64.ActiveCfg = Debug|Any CPU
		{E1A6BE73-FA2F-4940-A63B-09F127CFAD9C}.Debug|x64.Build.0 = Debug|Any CPU
		{E1A6BE73-FA2F-4940-A63B-09F127CFAD9C}.Debug|x86.ActiveCfg = Debug|Any CPU
		{E1A6BE73-FA2F-4940-A63B-09F127CFAD9C}.Debug|x86.Build.0 = Debug|Any CPU
		{E1A6BE73-FA2F-4940-A63B-09F127CFAD9C}.Release|Any CPU.ActiveCfg = Release|Any CPU
		{E1A6BE73-FA2F-4940-A63B-09F127CFAD9C}.Release|Any CPU.Build.0 = Release|Any CPU
		{E1A6BE73-FA2F-4940-A63B-09F127CFAD9C}.Release|x64.ActiveCfg = Release|Any CPU
		{E1A6BE73-FA2F-4940-A63B-09F127CFAD9C}.Release|x64.Build.0 = Release|Any CPU
		{E1A6BE73-FA2F-4940-A63B-09F127CFAD9C}.Release|x86.ActiveCfg = Release|Any CPU
		{E1A6BE73-FA2F-4940-A63B-09F127CFAD9C}.Release|x86.Build.0 = Release|Any CPU
		{F9A803AB-3494-49CF-95A3-F091C2374540}.Debug|Any CPU.ActiveCfg = Debug|Any CPU
		{F9A803AB-3494-49CF-95A3-F091C2374540}.Debug|Any CPU.Build.0 = Debug|Any CPU
		{F9A803AB-3494-49CF-95A3-F091C2374540}.Debug|x64.ActiveCfg = Debug|Any CPU
		{F9A803AB-3494-49CF-95A3-F091C2374540}.Debug|x64.Build.0 = Debug|Any CPU
		{F9A803AB-3494-49CF-95A3-F091C2374540}.Debug|x86.ActiveCfg = Debug|Any CPU
		{F9A803AB-3494-49CF-95A3-F091C2374540}.Debug|x86.Build.0 = Debug|Any CPU
		{F9A803AB-3494-49CF-95A3-F091C2374540}.Release|Any CPU.ActiveCfg = Release|Any CPU
		{F9A803AB-3494-49CF-95A3-F091C2374540}.Release|Any CPU.Build.0 = Release|Any CPU
		{F9A803AB-3494-49CF-95A3-F091C2374540}.Release|x64.ActiveCfg = Release|Any CPU
		{F9A803AB-3494-49CF-95A3-F091C2374540}.Release|x64.Build.0 = Release|Any CPU
		{F9A803AB-3494-49CF-95A3-F091C2374540}.Release|x86.ActiveCfg = Release|Any CPU
		{F9A803AB-3494-49CF-95A3-F091C2374540}.Release|x86.Build.0 = Release|Any CPU
		{A74D610D-ADEE-4C6D-9BBE-D42A70311E2C}.Debug|Any CPU.ActiveCfg = Debug|Any CPU
		{A74D610D-ADEE-4C6D-9BBE-D42A70311E2C}.Debug|Any CPU.Build.0 = Debug|Any CPU
		{A74D610D-ADEE-4C6D-9BBE-D42A70311E2C}.Debug|x64.ActiveCfg = Debug|Any CPU
		{A74D610D-ADEE-4C6D-9BBE-D42A70311E2C}.Debug|x64.Build.0 = Debug|Any CPU
		{A74D610D-ADEE-4C6D-9BBE-D42A70311E2C}.Debug|x86.ActiveCfg = Debug|Any CPU
		{A74D610D-ADEE-4C6D-9BBE-D42A70311E2C}.Debug|x86.Build.0 = Debug|Any CPU
		{A74D610D-ADEE-4C6D-9BBE-D42A70311E2C}.Release|Any CPU.ActiveCfg = Release|Any CPU
		{A74D610D-ADEE-4C6D-9BBE-D42A70311E2C}.Release|Any CPU.Build.0 = Release|Any CPU
		{A74D610D-ADEE-4C6D-9BBE-D42A70311E2C}.Release|x64.ActiveCfg = Release|Any CPU
		{A74D610D-ADEE-4C6D-9BBE-D42A70311E2C}.Release|x64.Build.0 = Release|Any CPU
		{A74D610D-ADEE-4C6D-9BBE-D42A70311E2C}.Release|x86.ActiveCfg = Release|Any CPU
		{A74D610D-ADEE-4C6D-9BBE-D42A70311E2C}.Release|x86.Build.0 = Release|Any CPU
		{F943F8AA-09CC-4828-99AA-69CCE10DAA12}.Debug|Any CPU.ActiveCfg = Debug|Any CPU
		{F943F8AA-09CC-4828-99AA-69CCE10DAA12}.Debug|Any CPU.Build.0 = Debug|Any CPU
		{F943F8AA-09CC-4828-99AA-69CCE10DAA12}.Debug|x64.ActiveCfg = Debug|Any CPU
		{F943F8AA-09CC-4828-99AA-69CCE10DAA12}.Debug|x64.Build.0 = Debug|Any CPU
		{F943F8AA-09CC-4828-99AA-69CCE10DAA12}.Debug|x86.ActiveCfg = Debug|Any CPU
		{F943F8AA-09CC-4828-99AA-69CCE10DAA12}.Debug|x86.Build.0 = Debug|Any CPU
		{F943F8AA-09CC-4828-99AA-69CCE10DAA12}.Release|Any CPU.ActiveCfg = Release|Any CPU
		{F943F8AA-09CC-4828-99AA-69CCE10DAA12}.Release|Any CPU.Build.0 = Release|Any CPU
		{F943F8AA-09CC-4828-99AA-69CCE10DAA12}.Release|x64.ActiveCfg = Release|Any CPU
		{F943F8AA-09CC-4828-99AA-69CCE10DAA12}.Release|x64.Build.0 = Release|Any CPU
		{F943F8AA-09CC-4828-99AA-69CCE10DAA12}.Release|x86.ActiveCfg = Release|Any CPU
		{F943F8AA-09CC-4828-99AA-69CCE10DAA12}.Release|x86.Build.0 = Release|Any CPU
		{E19E4A15-88B2-4FBB-8A7D-BDD4ED027E52}.Debug|Any CPU.ActiveCfg = Debug|Any CPU
		{E19E4A15-88B2-4FBB-8A7D-BDD4ED027E52}.Debug|Any CPU.Build.0 = Debug|Any CPU
		{E19E4A15-88B2-4FBB-8A7D-BDD4ED027E52}.Debug|x64.ActiveCfg = Debug|Any CPU
		{E19E4A15-88B2-4FBB-8A7D-BDD4ED027E52}.Debug|x64.Build.0 = Debug|Any CPU
		{E19E4A15-88B2-4FBB-8A7D-BDD4ED027E52}.Debug|x86.ActiveCfg = Debug|Any CPU
		{E19E4A15-88B2-4FBB-8A7D-BDD4ED027E52}.Debug|x86.Build.0 = Debug|Any CPU
		{E19E4A15-88B2-4FBB-8A7D-BDD4ED027E52}.Release|Any CPU.ActiveCfg = Release|Any CPU
		{E19E4A15-88B2-4FBB-8A7D-BDD4ED027E52}.Release|Any CPU.Build.0 = Release|Any CPU
		{E19E4A15-88B2-4FBB-8A7D-BDD4ED027E52}.Release|x64.ActiveCfg = Release|Any CPU
		{E19E4A15-88B2-4FBB-8A7D-BDD4ED027E52}.Release|x64.Build.0 = Release|Any CPU
		{E19E4A15-88B2-4FBB-8A7D-BDD4ED027E52}.Release|x86.ActiveCfg = Release|Any CPU
		{E19E4A15-88B2-4FBB-8A7D-BDD4ED027E52}.Release|x86.Build.0 = Release|Any CPU
		{43BCEE0E-2B8D-4F40-87CA-78861FB0B37E}.Debug|Any CPU.ActiveCfg = Debug|Any CPU
		{43BCEE0E-2B8D-4F40-87CA-78861FB0B37E}.Debug|Any CPU.Build.0 = Debug|Any CPU
		{43BCEE0E-2B8D-4F40-87CA-78861FB0B37E}.Debug|x64.ActiveCfg = Debug|Any CPU
		{43BCEE0E-2B8D-4F40-87CA-78861FB0B37E}.Debug|x64.Build.0 = Debug|Any CPU
		{43BCEE0E-2B8D-4F40-87CA-78861FB0B37E}.Debug|x86.ActiveCfg = Debug|Any CPU
		{43BCEE0E-2B8D-4F40-87CA-78861FB0B37E}.Debug|x86.Build.0 = Debug|Any CPU
		{43BCEE0E-2B8D-4F40-87CA-78861FB0B37E}.Release|Any CPU.ActiveCfg = Release|Any CPU
		{43BCEE0E-2B8D-4F40-87CA-78861FB0B37E}.Release|Any CPU.Build.0 = Release|Any CPU
		{43BCEE0E-2B8D-4F40-87CA-78861FB0B37E}.Release|x64.ActiveCfg = Release|Any CPU
		{43BCEE0E-2B8D-4F40-87CA-78861FB0B37E}.Release|x64.Build.0 = Release|Any CPU
		{43BCEE0E-2B8D-4F40-87CA-78861FB0B37E}.Release|x86.ActiveCfg = Release|Any CPU
		{43BCEE0E-2B8D-4F40-87CA-78861FB0B37E}.Release|x86.Build.0 = Release|Any CPU
		{1ED85593-B359-4090-84E8-0D01C0D56E3F}.Debug|Any CPU.ActiveCfg = Debug|Any CPU
		{1ED85593-B359-4090-84E8-0D01C0D56E3F}.Debug|Any CPU.Build.0 = Debug|Any CPU
		{1ED85593-B359-4090-84E8-0D01C0D56E3F}.Debug|x64.ActiveCfg = Debug|Any CPU
		{1ED85593-B359-4090-84E8-0D01C0D56E3F}.Debug|x64.Build.0 = Debug|Any CPU
		{1ED85593-B359-4090-84E8-0D01C0D56E3F}.Debug|x86.ActiveCfg = Debug|Any CPU
		{1ED85593-B359-4090-84E8-0D01C0D56E3F}.Debug|x86.Build.0 = Debug|Any CPU
		{1ED85593-B359-4090-84E8-0D01C0D56E3F}.Release|Any CPU.ActiveCfg = Release|Any CPU
		{1ED85593-B359-4090-84E8-0D01C0D56E3F}.Release|Any CPU.Build.0 = Release|Any CPU
		{1ED85593-B359-4090-84E8-0D01C0D56E3F}.Release|x64.ActiveCfg = Release|Any CPU
		{1ED85593-B359-4090-84E8-0D01C0D56E3F}.Release|x64.Build.0 = Release|Any CPU
		{1ED85593-B359-4090-84E8-0D01C0D56E3F}.Release|x86.ActiveCfg = Release|Any CPU
		{1ED85593-B359-4090-84E8-0D01C0D56E3F}.Release|x86.Build.0 = Release|Any CPU
		{7E16C434-D56E-418D-8588-3F86E0B2F612}.Debug|Any CPU.ActiveCfg = Debug|Any CPU
		{7E16C434-D56E-418D-8588-3F86E0B2F612}.Debug|Any CPU.Build.0 = Debug|Any CPU
		{7E16C434-D56E-418D-8588-3F86E0B2F612}.Debug|x64.ActiveCfg = Debug|Any CPU
		{7E16C434-D56E-418D-8588-3F86E0B2F612}.Debug|x64.Build.0 = Debug|Any CPU
		{7E16C434-D56E-418D-8588-3F86E0B2F612}.Debug|x86.ActiveCfg = Debug|Any CPU
		{7E16C434-D56E-418D-8588-3F86E0B2F612}.Debug|x86.Build.0 = Debug|Any CPU
		{7E16C434-D56E-418D-8588-3F86E0B2F612}.Release|Any CPU.ActiveCfg = Release|Any CPU
		{7E16C434-D56E-418D-8588-3F86E0B2F612}.Release|Any CPU.Build.0 = Release|Any CPU
		{7E16C434-D56E-418D-8588-3F86E0B2F612}.Release|x64.ActiveCfg = Release|Any CPU
		{7E16C434-D56E-418D-8588-3F86E0B2F612}.Release|x64.Build.0 = Release|Any CPU
		{7E16C434-D56E-418D-8588-3F86E0B2F612}.Release|x86.ActiveCfg = Release|Any CPU
		{7E16C434-D56E-418D-8588-3F86E0B2F612}.Release|x86.Build.0 = Release|Any CPU
		{C406D490-54C4-4BD4-B648-40B265FF1221}.Debug|Any CPU.ActiveCfg = Debug|Any CPU
		{C406D490-54C4-4BD4-B648-40B265FF1221}.Debug|Any CPU.Build.0 = Debug|Any CPU
		{C406D490-54C4-4BD4-B648-40B265FF1221}.Debug|x64.ActiveCfg = Debug|Any CPU
		{C406D490-54C4-4BD4-B648-40B265FF1221}.Debug|x64.Build.0 = Debug|Any CPU
		{C406D490-54C4-4BD4-B648-40B265FF1221}.Debug|x86.ActiveCfg = Debug|Any CPU
		{C406D490-54C4-4BD4-B648-40B265FF1221}.Debug|x86.Build.0 = Debug|Any CPU
		{C406D490-54C4-4BD4-B648-40B265FF1221}.Release|Any CPU.ActiveCfg = Release|Any CPU
		{C406D490-54C4-4BD4-B648-40B265FF1221}.Release|Any CPU.Build.0 = Release|Any CPU
		{C406D490-54C4-4BD4-B648-40B265FF1221}.Release|x64.ActiveCfg = Release|Any CPU
		{C406D490-54C4-4BD4-B648-40B265FF1221}.Release|x64.Build.0 = Release|Any CPU
		{C406D490-54C4-4BD4-B648-40B265FF1221}.Release|x86.ActiveCfg = Release|Any CPU
		{C406D490-54C4-4BD4-B648-40B265FF1221}.Release|x86.Build.0 = Release|Any CPU
		{5FCC30DD-7771-4F7E-80E7-04FBB63518DD}.Debug|Any CPU.ActiveCfg = Debug|Any CPU
		{5FCC30DD-7771-4F7E-80E7-04FBB63518DD}.Debug|Any CPU.Build.0 = Debug|Any CPU
		{5FCC30DD-7771-4F7E-80E7-04FBB63518DD}.Debug|x64.ActiveCfg = Debug|Any CPU
		{5FCC30DD-7771-4F7E-80E7-04FBB63518DD}.Debug|x64.Build.0 = Debug|Any CPU
		{5FCC30DD-7771-4F7E-80E7-04FBB63518DD}.Debug|x86.ActiveCfg = Debug|Any CPU
		{5FCC30DD-7771-4F7E-80E7-04FBB63518DD}.Debug|x86.Build.0 = Debug|Any CPU
		{5FCC30DD-7771-4F7E-80E7-04FBB63518DD}.Release|Any CPU.ActiveCfg = Release|Any CPU
		{5FCC30DD-7771-4F7E-80E7-04FBB63518DD}.Release|Any CPU.Build.0 = Release|Any CPU
		{5FCC30DD-7771-4F7E-80E7-04FBB63518DD}.Release|x64.ActiveCfg = Release|Any CPU
		{5FCC30DD-7771-4F7E-80E7-04FBB63518DD}.Release|x64.Build.0 = Release|Any CPU
		{5FCC30DD-7771-4F7E-80E7-04FBB63518DD}.Release|x86.ActiveCfg = Release|Any CPU
		{5FCC30DD-7771-4F7E-80E7-04FBB63518DD}.Release|x86.Build.0 = Release|Any CPU
		{2E11C8EC-F10D-48B8-BED2-3D020AC60F6C}.Debug|Any CPU.ActiveCfg = Debug|Any CPU
		{2E11C8EC-F10D-48B8-BED2-3D020AC60F6C}.Debug|Any CPU.Build.0 = Debug|Any CPU
		{2E11C8EC-F10D-48B8-BED2-3D020AC60F6C}.Debug|x64.ActiveCfg = Debug|Any CPU
		{2E11C8EC-F10D-48B8-BED2-3D020AC60F6C}.Debug|x64.Build.0 = Debug|Any CPU
		{2E11C8EC-F10D-48B8-BED2-3D020AC60F6C}.Debug|x86.ActiveCfg = Debug|Any CPU
		{2E11C8EC-F10D-48B8-BED2-3D020AC60F6C}.Debug|x86.Build.0 = Debug|Any CPU
		{2E11C8EC-F10D-48B8-BED2-3D020AC60F6C}.Release|Any CPU.ActiveCfg = Release|Any CPU
		{2E11C8EC-F10D-48B8-BED2-3D020AC60F6C}.Release|Any CPU.Build.0 = Release|Any CPU
		{2E11C8EC-F10D-48B8-BED2-3D020AC60F6C}.Release|x64.ActiveCfg = Release|Any CPU
		{2E11C8EC-F10D-48B8-BED2-3D020AC60F6C}.Release|x64.Build.0 = Release|Any CPU
		{2E11C8EC-F10D-48B8-BED2-3D020AC60F6C}.Release|x86.ActiveCfg = Release|Any CPU
		{2E11C8EC-F10D-48B8-BED2-3D020AC60F6C}.Release|x86.Build.0 = Release|Any CPU
		{4DC388A9-0E39-4C07-9D5E-DB47A3BF35D6}.Debug|Any CPU.ActiveCfg = Debug|x64
		{4DC388A9-0E39-4C07-9D5E-DB47A3BF35D6}.Debug|Any CPU.Build.0 = Debug|x64
		{4DC388A9-0E39-4C07-9D5E-DB47A3BF35D6}.Debug|x64.ActiveCfg = Debug|x64
		{4DC388A9-0E39-4C07-9D5E-DB47A3BF35D6}.Debug|x64.Build.0 = Debug|x64
		{4DC388A9-0E39-4C07-9D5E-DB47A3BF35D6}.Debug|x86.ActiveCfg = Debug|Win32
		{4DC388A9-0E39-4C07-9D5E-DB47A3BF35D6}.Debug|x86.Build.0 = Debug|Win32
		{4DC388A9-0E39-4C07-9D5E-DB47A3BF35D6}.Release|Any CPU.ActiveCfg = Release|x64
		{4DC388A9-0E39-4C07-9D5E-DB47A3BF35D6}.Release|Any CPU.Build.0 = Release|x64
		{4DC388A9-0E39-4C07-9D5E-DB47A3BF35D6}.Release|x64.ActiveCfg = Release|x64
		{4DC388A9-0E39-4C07-9D5E-DB47A3BF35D6}.Release|x64.Build.0 = Release|x64
		{4DC388A9-0E39-4C07-9D5E-DB47A3BF35D6}.Release|x86.ActiveCfg = Release|Win32
		{4DC388A9-0E39-4C07-9D5E-DB47A3BF35D6}.Release|x86.Build.0 = Release|Win32
	EndGlobalSection
	GlobalSection(SolutionProperties) = preSolution
		HideSolutionNode = FALSE
	EndGlobalSection
	GlobalSection(NestedProjects) = preSolution
		{8EC73A16-F5D9-4523-8946-AAC00F5A126F} = {B5B99532-DF8F-4F9E-B353-629CF15312B4}
		{B0F4FF26-1163-4DD6-87AA-7131B3E6F298} = {B5B99532-DF8F-4F9E-B353-629CF15312B4}
		{9F168219-5C08-4A1B-8E61-5BB5E457D553} = {B5B99532-DF8F-4F9E-B353-629CF15312B4}
		{3092C0B3-2602-4E5F-BCDF-CA297C2042DA} = {B5B99532-DF8F-4F9E-B353-629CF15312B4}
		{92E4D1C2-6389-41B8-BBFC-FB52121452D0} = {B5B99532-DF8F-4F9E-B353-629CF15312B4}
		{867E284C-32A4-4F72-A49C-417468266286} = {B5B99532-DF8F-4F9E-B353-629CF15312B4}
		{E1A6BE73-FA2F-4940-A63B-09F127CFAD9C} = {BF42D9E7-521C-4ECE-A96E-4DA73C1AFFC9}
		{F9A803AB-3494-49CF-95A3-F091C2374540} = {BF42D9E7-521C-4ECE-A96E-4DA73C1AFFC9}
		{A74D610D-ADEE-4C6D-9BBE-D42A70311E2C} = {BF42D9E7-521C-4ECE-A96E-4DA73C1AFFC9}
		{F943F8AA-09CC-4828-99AA-69CCE10DAA12} = {BF42D9E7-521C-4ECE-A96E-4DA73C1AFFC9}
		{E19E4A15-88B2-4FBB-8A7D-BDD4ED027E52} = {5E0831B3-44B3-4918-8847-CAF6C597DE76}
		{43BCEE0E-2B8D-4F40-87CA-78861FB0B37E} = {BF73C4A3-8259-46C9-9FFA-66ADF79D7967}
		{2E11C8EC-F10D-48B8-BED2-3D020AC60F6C} = {A9727363-7986-470B-A16C-A8EB92321E3F}
	EndGlobalSection
	GlobalSection(ExtensibilityGlobals) = postSolution
		SolutionGuid = {1070A6D6-55D7-4A0E-8E17-BD3D3D2A86DB}
	EndGlobalSection
EndGlobal
