
Microsoft Visual Studio Solution File, Format Version 12.00
# Visual Studio Version 17
VisualStudioVersion = 17.11.35312.102
MinimumVisualStudioVersion = 10.0.40219.1
Project("{8BC9CEB8-8B4A-11D0-8D11-00A0C91BC942}") = "P10_Structure", "P10_Structure\P10_Structure.vcxproj", "{C77A6440-54C1-454F-87CF-0644B11E7F91}"
EndProject
Global
	GlobalSection(SolutionConfigurationPlatforms) = preSolution
		Debug|x64 = Debug|x64
		Debug|x86 = Debug|x86
		Release|x64 = Release|x64
		Release|x86 = Release|x86
	EndGlobalSection
	GlobalSection(ProjectConfigurationPlatforms) = postSolution
		{C77A6440-54C1-454F-87CF-0644B11E7F91}.Debug|x64.ActiveCfg = Debug|x64
		{C77A6440-54C1-454F-87CF-0644B11E7F91}.Debug|x64.Build.0 = Debug|x64
		{C77A6440-54C1-454F-87CF-0644B11E7F91}.Debug|x86.ActiveCfg = Debug|Win32
		{C77A6440-54C1-454F-87CF-0644B11E7F91}.Debug|x86.Build.0 = Debug|Win32
		{C77A6440-54C1-454F-87CF-0644B11E7F91}.Release|x64.ActiveCfg = Release|x64
		{C77A6440-54C1-454F-87CF-0644B11E7F91}.Release|x64.Build.0 = Release|x64
		{C77A6440-54C1-454F-87CF-0644B11E7F91}.Release|x86.ActiveCfg = Release|Win32
		{C77A6440-54C1-454F-87CF-0644B11E7F91}.Release|x86.Build.0 = Release|Win32
	EndGlobalSection
	GlobalSection(SolutionProperties) = preSolution
		HideSolutionNode = FALSE
	EndGlobalSection
	GlobalSection(ExtensibilityGlobals) = postSolution
		SolutionGuid = {D661BDB2-235A-4030-8592-8CDC5BF0B24D}
	EndGlobalSection
EndGlobal
